
Microsoft Visual Studio Solution File, Format Version 12.00
# Visual Studio 15
VisualStudioVersion = 15.0.28307.1259
MinimumVisualStudioVersion = 10.0.40219.1
Project("{FAE04EC0-301F-11D3-BF4B-00C04F79EFBC}") = "ServerCodeMtk-P2-20180140022", "ServerCodeMtk-P2-20180140022\ServerCodeMtk-P2-20180140022.csproj", "{239602C6-7BA1-4394-8270-AF65706E23D2}"
EndProject
Global
	GlobalSection(SolutionConfigurationPlatforms) = preSolution
		Debug|Any CPU = Debug|Any CPU
		Release|Any CPU = Release|Any CPU
	EndGlobalSection
	GlobalSection(ProjectConfigurationPlatforms) = postSolution
		{239602C6-7BA1-4394-8270-AF65706E23D2}.Debug|Any CPU.ActiveCfg = Debug|Any CPU
		{239602C6-7BA1-4394-8270-AF65706E23D2}.Debug|Any CPU.Build.0 = Debug|Any CPU
		{239602C6-7BA1-4394-8270-AF65706E23D2}.Release|Any CPU.ActiveCfg = Release|Any CPU
		{239602C6-7BA1-4394-8270-AF65706E23D2}.Release|Any CPU.Build.0 = Release|Any CPU
	EndGlobalSection
	GlobalSection(SolutionProperties) = preSolution
		HideSolutionNode = FALSE
	EndGlobalSection
	GlobalSection(ExtensibilityGlobals) = postSolution
		SolutionGuid = {5676C3E0-09AB-48EC-A3ED-19489920D879}
	EndGlobalSection
EndGlobal
